
Microsoft Visual Studio Solution File, Format Version 12.00
# Visual Studio Version 16
VisualStudioVersion = 16.0.30907.101
MinimumVisualStudioVersion = 10.0.40219.1
Project("{FAE04EC0-301F-11D3-BF4B-00C04F79EFBC}") = "Homes365", "Homes365.csproj", "{AFD8B471-7B92-4F15-ABD3-6CD81141B739}"
EndProject
Global
	GlobalSection(SolutionConfigurationPlatforms) = preSolution
		Debug|Any CPU = Debug|Any CPU
		Release|Any CPU = Release|Any CPU
	EndGlobalSection
	GlobalSection(ProjectConfigurationPlatforms) = postSolution
		{AFD8B471-7B92-4F15-ABD3-6CD81141B739}.Debug|Any CPU.ActiveCfg = Debug|Any CPU
		{AFD8B471-7B92-4F15-ABD3-6CD81141B739}.Debug|Any CPU.Build.0 = Debug|Any CPU
		{AFD8B471-7B92-4F15-ABD3-6CD81141B739}.Release|Any CPU.ActiveCfg = Release|Any CPU
		{AFD8B471-7B92-4F15-ABD3-6CD81141B739}.Release|Any CPU.Build.0 = Release|Any CPU
	EndGlobalSection
	GlobalSection(SolutionProperties) = preSolution
		HideSolutionNode = FALSE
	EndGlobalSection
	GlobalSection(ExtensibilityGlobals) = postSolution
		SolutionGuid = {70AF1A6C-032A-40EC-9A4D-983DF7599261}
	EndGlobalSection
EndGlobal
